
Microsoft Visual Studio Solution File, Format Version 12.00
# Visual Studio Version 17
VisualStudioVersion = 17.11.35219.272
MinimumVisualStudioVersion = 10.0.40219.1
Project("{2150E333-8FDC-42A3-9474-1A3956D46DE8}") = "Shop", "Shop", "{7D5097E8-B6AB-4C7C-B40E-08CD1C0C8832}"
EndProject
Project("{9A19103F-16F7-4668-BE54-9A1E7A4F7556}") = "Shop.L1.Domain", "Shop\Shop.Domain\Shop.L1.Domain.csproj", "{D5E892D4-DE20-463A-8851-41163EDC5171}"
EndProject
Project("{9A19103F-16F7-4668-BE54-9A1E7A4F7556}") = "Shop.L2.Application", "Shop\Shop.Application\Shop.L2.Application.csproj", "{8DCD5D4F-5D7D-48BB-8B31-FD4141155169}"
EndProject
Project("{9A19103F-16F7-4668-BE54-9A1E7A4F7556}") = "Shop.L3.Infrastructure", "Shop\Shop.Infrastructure\Shop.L3.Infrastructure.csproj", "{F9861CAE-74CB-4F0E-BCBA-067660BE8BD5}"
EndProject
Project("{9A19103F-16F7-4668-BE54-9A1E7A4F7556}") = "Shop.L5.Presentation.Facade", "Shop\Shop.Presentation.Facade\Shop.L5.Presentation.Facade.csproj", "{93934C88-D62E-46B9-9B6C-A49C9B170C17}"
EndProject
Project("{2150E333-8FDC-42A3-9474-1A3956D46DE8}") = "Common", "Common", "{57561750-521F-42EA-A3BB-27E32ED9333E}"
EndProject
Project("{9A19103F-16F7-4668-BE54-9A1E7A4F7556}") = "Common.L1.Domain", "Common\Common.Domain\Common.L1.Domain.csproj", "{0CD78833-5165-40C7-B2ED-3978068616F5}"
EndProject
Project("{9A19103F-16F7-4668-BE54-9A1E7A4F7556}") = "Common.L2.Application", "_2.Common.Application\Common.L2.Application.csproj", "{E1C7D774-4FD7-49F2-8322-3A5B32847E4A}"
EndProject
Project("{9A19103F-16F7-4668-BE54-9A1E7A4F7556}") = "Shop.L4.Query", "Shop.L4.Query\Shop.L4.Query.csproj", "{9B5DFF8B-BCDC-4D56-8A0C-D4D376F98ABC}"
EndProject
Project("{9A19103F-16F7-4668-BE54-9A1E7A4F7556}") = "Common.L4.Query", "Common.L3.Query\Common.L4.Query.csproj", "{74F68E4E-F00E-4F6A-AD92-6A89B5BC2117}"
EndProject
Project("{2150E333-8FDC-42A3-9474-1A3956D46DE8}") = "EndPoints", "EndPoints", "{80BE17E0-CFA3-4B14-B660-3ACDCD63638B}"
EndProject
Project("{9A19103F-16F7-4668-BE54-9A1E7A4F7556}") = "Shop.Api", "Shop\Shop.Api\Shop.Api.csproj", "{A9E6B672-161B-4F00-875C-B6FCCDECFEE5}"
EndProject
Project("{9A19103F-16F7-4668-BE54-9A1E7A4F7556}") = "Shop.L6.Config", "Shop\Shop.L5.Config\Shop.L6.Config.csproj", "{6D7B3753-149B-4657-97C8-1D7405B57660}"
EndProject
Project("{FAE04EC0-301F-11D3-BF4B-00C04F79EFBC}") = "Common.AspNetCore", "Common\Common.AspNetCore\Common.AspNetCore.csproj", "{569DC63E-B825-49AE-B36D-1E94F0D5F79A}"
EndProject
Global
	GlobalSection(SolutionConfigurationPlatforms) = preSolution
		Debug|Any CPU = Debug|Any CPU
		Release|Any CPU = Release|Any CPU
	EndGlobalSection
	GlobalSection(ProjectConfigurationPlatforms) = postSolution
		{D5E892D4-DE20-463A-8851-41163EDC5171}.Debug|Any CPU.ActiveCfg = Debug|Any CPU
		{D5E892D4-DE20-463A-8851-41163EDC5171}.Debug|Any CPU.Build.0 = Debug|Any CPU
		{D5E892D4-DE20-463A-8851-41163EDC5171}.Release|Any CPU.ActiveCfg = Release|Any CPU
		{D5E892D4-DE20-463A-8851-41163EDC5171}.Release|Any CPU.Build.0 = Release|Any CPU
		{8DCD5D4F-5D7D-48BB-8B31-FD4141155169}.Debug|Any CPU.ActiveCfg = Debug|Any CPU
		{8DCD5D4F-5D7D-48BB-8B31-FD4141155169}.Debug|Any CPU.Build.0 = Debug|Any CPU
		{8DCD5D4F-5D7D-48BB-8B31-FD4141155169}.Release|Any CPU.ActiveCfg = Release|Any CPU
		{8DCD5D4F-5D7D-48BB-8B31-FD4141155169}.Release|Any CPU.Build.0 = Release|Any CPU
		{F9861CAE-74CB-4F0E-BCBA-067660BE8BD5}.Debug|Any CPU.ActiveCfg = Debug|Any CPU
		{F9861CAE-74CB-4F0E-BCBA-067660BE8BD5}.Debug|Any CPU.Build.0 = Debug|Any CPU
		{F9861CAE-74CB-4F0E-BCBA-067660BE8BD5}.Release|Any CPU.ActiveCfg = Release|Any CPU
		{F9861CAE-74CB-4F0E-BCBA-067660BE8BD5}.Release|Any CPU.Build.0 = Release|Any CPU
		{93934C88-D62E-46B9-9B6C-A49C9B170C17}.Debug|Any CPU.ActiveCfg = Debug|Any CPU
		{93934C88-D62E-46B9-9B6C-A49C9B170C17}.Debug|Any CPU.Build.0 = Debug|Any CPU
		{93934C88-D62E-46B9-9B6C-A49C9B170C17}.Release|Any CPU.ActiveCfg = Release|Any CPU
		{93934C88-D62E-46B9-9B6C-A49C9B170C17}.Release|Any CPU.Build.0 = Release|Any CPU
		{0CD78833-5165-40C7-B2ED-3978068616F5}.Debug|Any CPU.ActiveCfg = Debug|Any CPU
		{0CD78833-5165-40C7-B2ED-3978068616F5}.Debug|Any CPU.Build.0 = Debug|Any CPU
		{0CD78833-5165-40C7-B2ED-3978068616F5}.Release|Any CPU.ActiveCfg = Release|Any CPU
		{0CD78833-5165-40C7-B2ED-3978068616F5}.Release|Any CPU.Build.0 = Release|Any CPU
		{E1C7D774-4FD7-49F2-8322-3A5B32847E4A}.Debug|Any CPU.ActiveCfg = Debug|Any CPU
		{E1C7D774-4FD7-49F2-8322-3A5B32847E4A}.Debug|Any CPU.Build.0 = Debug|Any CPU
		{E1C7D774-4FD7-49F2-8322-3A5B32847E4A}.Release|Any CPU.ActiveCfg = Release|Any CPU
		{E1C7D774-4FD7-49F2-8322-3A5B32847E4A}.Release|Any CPU.Build.0 = Release|Any CPU
		{9B5DFF8B-BCDC-4D56-8A0C-D4D376F98ABC}.Debug|Any CPU.ActiveCfg = Debug|Any CPU
		{9B5DFF8B-BCDC-4D56-8A0C-D4D376F98ABC}.Debug|Any CPU.Build.0 = Debug|Any CPU
		{9B5DFF8B-BCDC-4D56-8A0C-D4D376F98ABC}.Release|Any CPU.ActiveCfg = Release|Any CPU
		{9B5DFF8B-BCDC-4D56-8A0C-D4D376F98ABC}.Release|Any CPU.Build.0 = Release|Any CPU
		{74F68E4E-F00E-4F6A-AD92-6A89B5BC2117}.Debug|Any CPU.ActiveCfg = Debug|Any CPU
		{74F68E4E-F00E-4F6A-AD92-6A89B5BC2117}.Debug|Any CPU.Build.0 = Debug|Any CPU
		{74F68E4E-F00E-4F6A-AD92-6A89B5BC2117}.Release|Any CPU.ActiveCfg = Release|Any CPU
		{74F68E4E-F00E-4F6A-AD92-6A89B5BC2117}.Release|Any CPU.Build.0 = Release|Any CPU
		{A9E6B672-161B-4F00-875C-B6FCCDECFEE5}.Debug|Any CPU.ActiveCfg = Debug|Any CPU
		{A9E6B672-161B-4F00-875C-B6FCCDECFEE5}.Debug|Any CPU.Build.0 = Debug|Any CPU
		{A9E6B672-161B-4F00-875C-B6FCCDECFEE5}.Release|Any CPU.ActiveCfg = Release|Any CPU
		{A9E6B672-161B-4F00-875C-B6FCCDECFEE5}.Release|Any CPU.Build.0 = Release|Any CPU
		{6D7B3753-149B-4657-97C8-1D7405B57660}.Debug|Any CPU.ActiveCfg = Debug|Any CPU
		{6D7B3753-149B-4657-97C8-1D7405B57660}.Debug|Any CPU.Build.0 = Debug|Any CPU
		{6D7B3753-149B-4657-97C8-1D7405B57660}.Release|Any CPU.ActiveCfg = Release|Any CPU
		{6D7B3753-149B-4657-97C8-1D7405B57660}.Release|Any CPU.Build.0 = Release|Any CPU
		{569DC63E-B825-49AE-B36D-1E94F0D5F79A}.Debug|Any CPU.ActiveCfg = Debug|Any CPU
		{569DC63E-B825-49AE-B36D-1E94F0D5F79A}.Debug|Any CPU.Build.0 = Debug|Any CPU
		{569DC63E-B825-49AE-B36D-1E94F0D5F79A}.Release|Any CPU.ActiveCfg = Release|Any CPU
		{569DC63E-B825-49AE-B36D-1E94F0D5F79A}.Release|Any CPU.Build.0 = Release|Any CPU
	EndGlobalSection
	GlobalSection(SolutionProperties) = preSolution
		HideSolutionNode = FALSE
	EndGlobalSection
	GlobalSection(NestedProjects) = preSolution
		{D5E892D4-DE20-463A-8851-41163EDC5171} = {7D5097E8-B6AB-4C7C-B40E-08CD1C0C8832}
		{8DCD5D4F-5D7D-48BB-8B31-FD4141155169} = {7D5097E8-B6AB-4C7C-B40E-08CD1C0C8832}
		{F9861CAE-74CB-4F0E-BCBA-067660BE8BD5} = {7D5097E8-B6AB-4C7C-B40E-08CD1C0C8832}
		{93934C88-D62E-46B9-9B6C-A49C9B170C17} = {7D5097E8-B6AB-4C7C-B40E-08CD1C0C8832}
		{0CD78833-5165-40C7-B2ED-3978068616F5} = {57561750-521F-42EA-A3BB-27E32ED9333E}
		{E1C7D774-4FD7-49F2-8322-3A5B32847E4A} = {57561750-521F-42EA-A3BB-27E32ED9333E}
		{9B5DFF8B-BCDC-4D56-8A0C-D4D376F98ABC} = {7D5097E8-B6AB-4C7C-B40E-08CD1C0C8832}
		{74F68E4E-F00E-4F6A-AD92-6A89B5BC2117} = {57561750-521F-42EA-A3BB-27E32ED9333E}
		{80BE17E0-CFA3-4B14-B660-3ACDCD63638B} = {7D5097E8-B6AB-4C7C-B40E-08CD1C0C8832}
		{A9E6B672-161B-4F00-875C-B6FCCDECFEE5} = {80BE17E0-CFA3-4B14-B660-3ACDCD63638B}
		{6D7B3753-149B-4657-97C8-1D7405B57660} = {7D5097E8-B6AB-4C7C-B40E-08CD1C0C8832}
		{569DC63E-B825-49AE-B36D-1E94F0D5F79A} = {57561750-521F-42EA-A3BB-27E32ED9333E}
	EndGlobalSection
	GlobalSection(ExtensibilityGlobals) = postSolution
		SolutionGuid = {C14FDC7F-6272-43FB-9FF8-82EE4C1EBB0D}
	EndGlobalSection
EndGlobal
